// !$*UTF8*$!
{
	archiveVersion = 1;
	classes = {
	};
	objectVersion = 56;
	objects = {

/* Begin PBXBuildFile section */
		8201074E2A75B262006EE513 /* ListViewModel.swift in Sources */ = {isa = PBXBuildFile; fileRef = 8201074D2A75B262006EE513 /* ListViewModel.swift */; };
		820107502A75B339006EE513 /* ListViewInterfaces.swift in Sources */ = {isa = PBXBuildFile; fileRef = 8201074F2A75B339006EE513 /* ListViewInterfaces.swift */; };
		82757B422A76751100AC1B51 /* RickyMortyCell.swift in Sources */ = {isa = PBXBuildFile; fileRef = 82757B412A76751100AC1B51 /* RickyMortyCell.swift */; };
		82757B452A7679C100AC1B51 /* Kingfisher in Frameworks */ = {isa = PBXBuildFile; productRef = 82757B442A7679C100AC1B51 /* Kingfisher */; };
		827D940D2A741AFE00C0E172 /* AppDelegate.swift in Sources */ = {isa = PBXBuildFile; fileRef = 827D940C2A741AFE00C0E172 /* AppDelegate.swift */; };
		827D940F2A741AFE00C0E172 /* SceneDelegate.swift in Sources */ = {isa = PBXBuildFile; fileRef = 827D940E2A741AFE00C0E172 /* SceneDelegate.swift */; };
		827D94112A741AFE00C0E172 /* ListViewController.swift in Sources */ = {isa = PBXBuildFile; fileRef = 827D94102A741AFE00C0E172 /* ListViewController.swift */; };
		827D94162A741AFF00C0E172 /* Assets.xcassets in Resources */ = {isa = PBXBuildFile; fileRef = 827D94152A741AFF00C0E172 /* Assets.xcassets */; };
		827D94192A741AFF00C0E172 /* LaunchScreen.storyboard in Resources */ = {isa = PBXBuildFile; fileRef = 827D94172A741AFF00C0E172 /* LaunchScreen.storyboard */; };
		827D942B2A7420A100C0E172 /* SnapKit in Frameworks */ = {isa = PBXBuildFile; productRef = 827D942A2A7420A100C0E172 /* SnapKit */; };
		827D942E2A7440AD00C0E172 /* RickyMortyModel.swift in Sources */ = {isa = PBXBuildFile; fileRef = 827D942D2A7440AD00C0E172 /* RickyMortyModel.swift */; };
		827D94312A74418A00C0E172 /* RickyMortyService.swift in Sources */ = {isa = PBXBuildFile; fileRef = 827D94302A74418A00C0E172 /* RickyMortyService.swift */; };
		827D94342A74427900C0E172 /* Alamofire in Frameworks */ = {isa = PBXBuildFile; productRef = 827D94332A74427900C0E172 /* Alamofire */; };
/* End PBXBuildFile section */

/* Begin PBXFileReference section */
		8201074D2A75B262006EE513 /* ListViewModel.swift */ = {isa = PBXFileReference; lastKnownFileType = sourcecode.swift; path = ListViewModel.swift; sourceTree = "<group>"; };
		8201074F2A75B339006EE513 /* ListViewInterfaces.swift */ = {isa = PBXFileReference; lastKnownFileType = sourcecode.swift; path = ListViewInterfaces.swift; sourceTree = "<group>"; };
		82757B412A76751100AC1B51 /* RickyMortyCell.swift */ = {isa = PBXFileReference; lastKnownFileType = sourcecode.swift; path = RickyMortyCell.swift; sourceTree = "<group>"; };
		827D94092A741AFE00C0E172 /* Rick and Morty.app */ = {isa = PBXFileReference; explicitFileType = wrapper.application; includeInIndex = 0; path = "Rick and Morty.app"; sourceTree = BUILT_PRODUCTS_DIR; };
		827D940C2A741AFE00C0E172 /* AppDelegate.swift */ = {isa = PBXFileReference; lastKnownFileType = sourcecode.swift; path = AppDelegate.swift; sourceTree = "<group>"; };
		827D940E2A741AFE00C0E172 /* SceneDelegate.swift */ = {isa = PBXFileReference; lastKnownFileType = sourcecode.swift; path = SceneDelegate.swift; sourceTree = "<group>"; };
		827D94102A741AFE00C0E172 /* ListViewController.swift */ = {isa = PBXFileReference; lastKnownFileType = sourcecode.swift; path = ListViewController.swift; sourceTree = "<group>"; };
		827D94152A741AFF00C0E172 /* Assets.xcassets */ = {isa = PBXFileReference; lastKnownFileType = folder.assetcatalog; path = Assets.xcassets; sourceTree = "<group>"; };
		827D94182A741AFF00C0E172 /* Base */ = {isa = PBXFileReference; lastKnownFileType = file.storyboard; name = Base; path = Base.lproj/LaunchScreen.storyboard; sourceTree = "<group>"; };
		827D941A2A741AFF00C0E172 /* Info.plist */ = {isa = PBXFileReference; lastKnownFileType = text.plist.xml; path = Info.plist; sourceTree = "<group>"; };
		827D942D2A7440AD00C0E172 /* RickyMortyModel.swift */ = {isa = PBXFileReference; lastKnownFileType = sourcecode.swift; path = RickyMortyModel.swift; sourceTree = "<group>"; };
		827D94302A74418A00C0E172 /* RickyMortyService.swift */ = {isa = PBXFileReference; lastKnownFileType = sourcecode.swift; path = RickyMortyService.swift; sourceTree = "<group>"; };
/* End PBXFileReference section */

/* Begin PBXFrameworksBuildPhase section */
		827D94062A741AFE00C0E172 /* Frameworks */ = {
			isa = PBXFrameworksBuildPhase;
			buildActionMask = 2147483647;
			files = (
				82757B452A7679C100AC1B51 /* Kingfisher in Frameworks */,
				827D942B2A7420A100C0E172 /* SnapKit in Frameworks */,
				827D94342A74427900C0E172 /* Alamofire in Frameworks */,
			);
			runOnlyForDeploymentPostprocessing = 0;
		};
/* End PBXFrameworksBuildPhase section */

/* Begin PBXGroup section */
		82757B402A7674E700AC1B51 /* Utils */ = {
			isa = PBXGroup;
			children = (
				82757B412A76751100AC1B51 /* RickyMortyCell.swift */,
			);
			path = Utils;
			sourceTree = "<group>";
		};
		827D94002A741AFE00C0E172 = {
			isa = PBXGroup;
			children = (
				827D940B2A741AFE00C0E172 /* Rick and Morty */,
				827D940A2A741AFE00C0E172 /* Products */,
			);
			sourceTree = "<group>";
		};
		827D940A2A741AFE00C0E172 /* Products */ = {
			isa = PBXGroup;
			children = (
				827D94092A741AFE00C0E172 /* Rick and Morty.app */,
			);
			name = Products;
			sourceTree = "<group>";
		};
		827D940B2A741AFE00C0E172 /* Rick and Morty */ = {
			isa = PBXGroup;
			children = (
				827D94202A741CF100C0E172 /* App */,
				82757B402A7674E700AC1B51 /* Utils */,
				827D94212A741D0600C0E172 /* View */,
				827D942F2A74417300C0E172 /* Service */,
				827D942C2A74409000C0E172 /* Model */,
				827D94152A741AFF00C0E172 /* Assets.xcassets */,
				827D94172A741AFF00C0E172 /* LaunchScreen.storyboard */,
				827D941A2A741AFF00C0E172 /* Info.plist */,
			);
			path = "Rick and Morty";
			sourceTree = "<group>";
		};
		827D94202A741CF100C0E172 /* App */ = {
			isa = PBXGroup;
			children = (
				827D940C2A741AFE00C0E172 /* AppDelegate.swift */,
				827D940E2A741AFE00C0E172 /* SceneDelegate.swift */,
			);
			path = App;
			sourceTree = "<group>";
		};
		827D94212A741D0600C0E172 /* View */ = {
			isa = PBXGroup;
			children = (
				827D94222A741D2C00C0E172 /* List */,
				827D94232A741D4300C0E172 /* Details */,
			);
			path = View;
			sourceTree = "<group>";
		};
		827D94222A741D2C00C0E172 /* List */ = {
			isa = PBXGroup;
			children = (
				827D94102A741AFE00C0E172 /* ListViewController.swift */,
				8201074D2A75B262006EE513 /* ListViewModel.swift */,
				8201074F2A75B339006EE513 /* ListViewInterfaces.swift */,
			);
			path = List;
			sourceTree = "<group>";
		};
		827D94232A741D4300C0E172 /* Details */ = {
			isa = PBXGroup;
			children = (
			);
			path = Details;
			sourceTree = "<group>";
		};
		827D942C2A74409000C0E172 /* Model */ = {
			isa = PBXGroup;
			children = (
				827D942D2A7440AD00C0E172 /* RickyMortyModel.swift */,
			);
			path = Model;
			sourceTree = "<group>";
		};
		827D942F2A74417300C0E172 /* Service */ = {
			isa = PBXGroup;
			children = (
				827D94302A74418A00C0E172 /* RickyMortyService.swift */,
			);
			path = Service;
			sourceTree = "<group>";
		};
/* End PBXGroup section */

/* Begin PBXNativeTarget section */
		827D94082A741AFE00C0E172 /* Rick and Morty */ = {
			isa = PBXNativeTarget;
			buildConfigurationList = 827D941D2A741AFF00C0E172 /* Build configuration list for PBXNativeTarget "Rick and Morty" */;
			buildPhases = (
				827D94052A741AFE00C0E172 /* Sources */,
				827D94062A741AFE00C0E172 /* Frameworks */,
				827D94072A741AFE00C0E172 /* Resources */,
			);
			buildRules = (
			);
			dependencies = (
			);
			name = "Rick and Morty";
			packageProductDependencies = (
				827D942A2A7420A100C0E172 /* SnapKit */,
				827D94332A74427900C0E172 /* Alamofire */,
				82757B442A7679C100AC1B51 /* Kingfisher */,
			);
			productName = "Rick and Morty";
			productReference = 827D94092A741AFE00C0E172 /* Rick and Morty.app */;
			productType = "com.apple.product-type.application";
		};
/* End PBXNativeTarget section */

/* Begin PBXProject section */
		827D94012A741AFE00C0E172 /* Project object */ = {
			isa = PBXProject;
			attributes = {
				BuildIndependentTargetsInParallel = 1;
				LastSwiftUpdateCheck = 1430;
				LastUpgradeCheck = 1430;
				TargetAttributes = {
					827D94082A741AFE00C0E172 = {
						CreatedOnToolsVersion = 14.3.1;
					};
				};
			};
			buildConfigurationList = 827D94042A741AFE00C0E172 /* Build configuration list for PBXProject "Rick and Morty" */;
			compatibilityVersion = "Xcode 14.0";
			developmentRegion = en;
			hasScannedForEncodings = 0;
			knownRegions = (
				en,
				Base,
			);
			mainGroup = 827D94002A741AFE00C0E172;
			packageReferences = (
				827D94292A7420A100C0E172 /* XCRemoteSwiftPackageReference "SnapKit" */,
				827D94322A74427900C0E172 /* XCRemoteSwiftPackageReference "Alamofire" */,
				82757B432A7679C100AC1B51 /* XCRemoteSwiftPackageReference "Kingfisher" */,
			);
			productRefGroup = 827D940A2A741AFE00C0E172 /* Products */;
			projectDirPath = "";
			projectRoot = "";
			targets = (
				827D94082A741AFE00C0E172 /* Rick and Morty */,
			);
		};
/* End PBXProject section */

/* Begin PBXResourcesBuildPhase section */
		827D94072A741AFE00C0E172 /* Resources */ = {
			isa = PBXResourcesBuildPhase;
			buildActionMask = 2147483647;
			files = (
				827D94192A741AFF00C0E172 /* LaunchScreen.storyboard in Resources */,
				827D94162A741AFF00C0E172 /* Assets.xcassets in Resources */,
			);
			runOnlyForDeploymentPostprocessing = 0;
		};
/* End PBXResourcesBuildPhase section */

/* Begin PBXSourcesBuildPhase section */
		827D94052A741AFE00C0E172 /* Sources */ = {
			isa = PBXSourcesBuildPhase;
			buildActionMask = 2147483647;
			files = (
				820107502A75B339006EE513 /* ListViewInterfaces.swift in Sources */,
				827D94112A741AFE00C0E172 /* ListViewController.swift in Sources */,
				827D940D2A741AFE00C0E172 /* AppDelegate.swift in Sources */,
				8201074E2A75B262006EE513 /* ListViewModel.swift in Sources */,
				82757B422A76751100AC1B51 /* RickyMortyCell.swift in Sources */,
				827D942E2A7440AD00C0E172 /* RickyMortyModel.swift in Sources */,
				827D940F2A741AFE00C0E172 /* SceneDelegate.swift in Sources */,
				827D94312A74418A00C0E172 /* RickyMortyService.swift in Sources */,
			);
			runOnlyForDeploymentPostprocessing = 0;
		};
/* End PBXSourcesBuildPhase section */

/* Begin PBXVariantGroup section */
		827D94172A741AFF00C0E172 /* LaunchScreen.storyboard */ = {
			isa = PBXVariantGroup;
			children = (
				827D94182A741AFF00C0E172 /* Base */,
			);
			name = LaunchScreen.storyboard;
			sourceTree = "<group>";
		};
/* End PBXVariantGroup section */

/* Begin XCBuildConfiguration section */
		827D941B2A741AFF00C0E172 /* Debug */ = {
			isa = XCBuildConfiguration;
			buildSettings = {
				ALWAYS_SEARCH_USER_PATHS = NO;
				CLANG_ANALYZER_NONNULL = YES;
				CLANG_ANALYZER_NUMBER_OBJECT_CONVERSION = YES_AGGRESSIVE;
				CLANG_CXX_LANGUAGE_STANDARD = "gnu++20";
				CLANG_ENABLE_MODULES = YES;
				CLANG_ENABLE_OBJC_ARC = YES;
				CLANG_ENABLE_OBJC_WEAK = YES;
				CLANG_WARN_BLOCK_CAPTURE_AUTORELEASING = YES;
				CLANG_WARN_BOOL_CONVERSION = YES;
				CLANG_WARN_COMMA = YES;
				CLANG_WARN_CONSTANT_CONVERSION = YES;
				CLANG_WARN_DEPRECATED_OBJC_IMPLEMENTATIONS = YES;
				CLANG_WARN_DIRECT_OBJC_ISA_USAGE = YES_ERROR;
				CLANG_WARN_DOCUMENTATION_COMMENTS = YES;
				CLANG_WARN_EMPTY_BODY = YES;
				CLANG_WARN_ENUM_CONVERSION = YES;
				CLANG_WARN_INFINITE_RECURSION = YES;
				CLANG_WARN_INT_CONVERSION = YES;
				CLANG_WARN_NON_LITERAL_NULL_CONVERSION = YES;
				CLANG_WARN_OBJC_IMPLICIT_RETAIN_SELF = YES;
				CLANG_WARN_OBJC_LITERAL_CONVERSION = YES;
				CLANG_WARN_OBJC_ROOT_CLASS = YES_ERROR;
				CLANG_WARN_QUOTED_INCLUDE_IN_FRAMEWORK_HEADER = YES;
				CLANG_WARN_RANGE_LOOP_ANALYSIS = YES;
				CLANG_WARN_STRICT_PROTOTYPES = YES;
				CLANG_WARN_SUSPICIOUS_MOVE = YES;
				CLANG_WARN_UNGUARDED_AVAILABILITY = YES_AGGRESSIVE;
				CLANG_WARN_UNREACHABLE_CODE = YES;
				CLANG_WARN__DUPLICATE_METHOD_MATCH = YES;
				COPY_PHASE_STRIP = NO;
				DEBUG_INFORMATION_FORMAT = dwarf;
				ENABLE_STRICT_OBJC_MSGSEND = YES;
				ENABLE_TESTABILITY = YES;
				GCC_C_LANGUAGE_STANDARD = gnu11;
				GCC_DYNAMIC_NO_PIC = NO;
				GCC_NO_COMMON_BLOCKS = YES;
				GCC_OPTIMIZATION_LEVEL = 0;
				GCC_PREPROCESSOR_DEFINITIONS = (
					"DEBUG=1",
					"$(inherited)",
				);
				GCC_WARN_64_TO_32_BIT_CONVERSION = YES;
				GCC_WARN_ABOUT_RETURN_TYPE = YES_ERROR;
				GCC_WARN_UNDECLARED_SELECTOR = YES;
				GCC_WARN_UNINITIALIZED_AUTOS = YES_AGGRESSIVE;
				GCC_WARN_UNUSED_FUNCTION = YES;
				GCC_WARN_UNUSED_VARIABLE = YES;
				IPHONEOS_DEPLOYMENT_TARGET = 16.4;
				MTL_ENABLE_DEBUG_INFO = INCLUDE_SOURCE;
				MTL_FAST_MATH = YES;
				ONLY_ACTIVE_ARCH = YES;
				SDKROOT = iphoneos;
				SWIFT_ACTIVE_COMPILATION_CONDITIONS = DEBUG;
				SWIFT_OPTIMIZATION_LEVEL = "-Onone";
			};
			name = Debug;
		};
		827D941C2A741AFF00C0E172 /* Release */ = {
			isa = XCBuildConfiguration;
			buildSettings = {
				ALWAYS_SEARCH_USER_PATHS = NO;
				CLANG_ANALYZER_NONNULL = YES;
				CLANG_ANALYZER_NUMBER_OBJECT_CONVERSION = YES_AGGRESSIVE;
				CLANG_CXX_LANGUAGE_STANDARD = "gnu++20";
				CLANG_ENABLE_MODULES = YES;
				CLANG_ENABLE_OBJC_ARC = YES;
				CLANG_ENABLE_OBJC_WEAK = YES;
				CLANG_WARN_BLOCK_CAPTURE_AUTORELEASING = YES;
				CLANG_WARN_BOOL_CONVERSION = YES;
				CLANG_WARN_COMMA = YES;
				CLANG_WARN_CONSTANT_CONVERSION = YES;
				CLANG_WARN_DEPRECATED_OBJC_IMPLEMENTATIONS = YES;
				CLANG_WARN_DIRECT_OBJC_ISA_USAGE = YES_ERROR;
				CLANG_WARN_DOCUMENTATION_COMMENTS = YES;
				CLANG_WARN_EMPTY_BODY = YES;
				CLANG_WARN_ENUM_CONVERSION = YES;
				CLANG_WARN_INFINITE_RECURSION = YES;
				CLANG_WARN_INT_CONVERSION = YES;
				CLANG_WARN_NON_LITERAL_NULL_CONVERSION = YES;
				CLANG_WARN_OBJC_IMPLICIT_RETAIN_SELF = YES;
				CLANG_WARN_OBJC_LITERAL_CONVERSION = YES;
				CLANG_WARN_OBJC_ROOT_CLASS = YES_ERROR;
				CLANG_WARN_QUOTED_INCLUDE_IN_FRAMEWORK_HEADER = YES;
				CLANG_WARN_RANGE_LOOP_ANALYSIS = YES;
				CLANG_WARN_STRICT_PROTOTYPES = YES;
				CLANG_WARN_SUSPICIOUS_MOVE = YES;
				CLANG_WARN_UNGUARDED_AVAILABILITY = YES_AGGRESSIVE;
				CLANG_WARN_UNREACHABLE_CODE = YES;
				CLANG_WARN__DUPLICATE_METHOD_MATCH = YES;
				COPY_PHASE_STRIP = NO;
				DEBUG_INFORMATION_FORMAT = "dwarf-with-dsym";
				ENABLE_NS_ASSERTIONS = NO;
				ENABLE_STRICT_OBJC_MSGSEND = YES;
				GCC_C_LANGUAGE_STANDARD = gnu11;
				GCC_NO_COMMON_BLOCKS = YES;
				GCC_WARN_64_TO_32_BIT_CONVERSION = YES;
				GCC_WARN_ABOUT_RETURN_TYPE = YES_ERROR;
				GCC_WARN_UNDECLARED_SELECTOR = YES;
				GCC_WARN_UNINITIALIZED_AUTOS = YES_AGGRESSIVE;
				GCC_WARN_UNUSED_FUNCTION = YES;
				GCC_WARN_UNUSED_VARIABLE = YES;
				IPHONEOS_DEPLOYMENT_TARGET = 16.4;
				MTL_ENABLE_DEBUG_INFO = NO;
				MTL_FAST_MATH = YES;
				SDKROOT = iphoneos;
				SWIFT_COMPILATION_MODE = wholemodule;
				SWIFT_OPTIMIZATION_LEVEL = "-O";
				VALIDATE_PRODUCT = YES;
			};
			name = Release;
		};
		827D941E2A741AFF00C0E172 /* Debug */ = {
			isa = XCBuildConfiguration;
			buildSettings = {
				ASSETCATALOG_COMPILER_APPICON_NAME = AppIcon;
				ASSETCATALOG_COMPILER_GLOBAL_ACCENT_COLOR_NAME = AccentColor;
				CODE_SIGN_STYLE = Automatic;
				CURRENT_PROJECT_VERSION = 1;
				DEVELOPMENT_TEAM = S7778RGLA3;
				GENERATE_INFOPLIST_FILE = YES;
				INFOPLIST_FILE = "Rick and Morty/Info.plist";
				INFOPLIST_KEY_UIApplicationSupportsIndirectInputEvents = YES;
				INFOPLIST_KEY_UILaunchStoryboardName = LaunchScreen;
				INFOPLIST_KEY_UISupportedInterfaceOrientations_iPad = "UIInterfaceOrientationPortrait UIInterfaceOrientationPortraitUpsideDown UIInterfaceOrientationLandscapeLeft UIInterfaceOrientationLandscapeRight";
				INFOPLIST_KEY_UISupportedInterfaceOrientations_iPhone = "UIInterfaceOrientationPortrait UIInterfaceOrientationLandscapeLeft UIInterfaceOrientationLandscapeRight";
				LD_RUNPATH_SEARCH_PATHS = (
					"$(inherited)",
					"@executable_path/Frameworks",
				);
				MARKETING_VERSION = 1.0;
				PRODUCT_BUNDLE_IDENTIFIER = "mehmettalhairmak.Rick-and-Morty";
				PRODUCT_NAME = "$(TARGET_NAME)";
				SWIFT_EMIT_LOC_STRINGS = YES;
				SWIFT_VERSION = 5.0;
				TARGETED_DEVICE_FAMILY = "1,2";
			};
			name = Debug;
		};
		827D941F2A741AFF00C0E172 /* Release */ = {
			isa = XCBuildConfiguration;
			buildSettings = {
				ASSETCATALOG_COMPILER_APPICON_NAME = AppIcon;
				ASSETCATALOG_COMPILER_GLOBAL_ACCENT_COLOR_NAME = AccentColor;
				CODE_SIGN_STYLE = Automatic;
				CURRENT_PROJECT_VERSION = 1;
				DEVELOPMENT_TEAM = S7778RGLA3;
				GENERATE_INFOPLIST_FILE = YES;
				INFOPLIST_FILE = "Rick and Morty/Info.plist";
				INFOPLIST_KEY_UIApplicationSupportsIndirectInputEvents = YES;
				INFOPLIST_KEY_UILaunchStoryboardName = LaunchScreen;
				INFOPLIST_KEY_UISupportedInterfaceOrientations_iPad = "UIInterfaceOrientationPortrait UIInterfaceOrientationPortraitUpsideDown UIInterfaceOrientationLandscapeLeft UIInterfaceOrientationLandscapeRight";
				INFOPLIST_KEY_UISupportedInterfaceOrientations_iPhone = "UIInterfaceOrientationPortrait UIInterfaceOrientationLandscapeLeft UIInterfaceOrientationLandscapeRight";
				LD_RUNPATH_SEARCH_PATHS = (
					"$(inherited)",
					"@executable_path/Frameworks",
				);
				MARKETING_VERSION = 1.0;
				PRODUCT_BUNDLE_IDENTIFIER = "mehmettalhairmak.Rick-and-Morty";
				PRODUCT_NAME = "$(TARGET_NAME)";
				SWIFT_EMIT_LOC_STRINGS = YES;
				SWIFT_VERSION = 5.0;
				TARGETED_DEVICE_FAMILY = "1,2";
			};
			name = Release;
		};
/* End XCBuildConfiguration section */

/* Begin XCConfigurationList section */
		827D94042A741AFE00C0E172 /* Build configuration list for PBXProject "Rick and Morty" */ = {
			isa = XCConfigurationList;
			buildConfigurations = (
				827D941B2A741AFF00C0E172 /* Debug */,
				827D941C2A741AFF00C0E172 /* Release */,
			);
			defaultConfigurationIsVisible = 0;
			defaultConfigurationName = Release;
		};
		827D941D2A741AFF00C0E172 /* Build configuration list for PBXNativeTarget "Rick and Morty" */ = {
			isa = XCConfigurationList;
			buildConfigurations = (
				827D941E2A741AFF00C0E172 /* Debug */,
				827D941F2A741AFF00C0E172 /* Release */,
			);
			defaultConfigurationIsVisible = 0;
			defaultConfigurationName = Release;
		};
/* End XCConfigurationList section */

/* Begin XCRemoteSwiftPackageReference section */
		82757B432A7679C100AC1B51 /* XCRemoteSwiftPackageReference "Kingfisher" */ = {
			isa = XCRemoteSwiftPackageReference;
			repositoryURL = "https://github.com/onevcat/Kingfisher.git";
			requirement = {
				kind = upToNextMajorVersion;
				minimumVersion = 7.0.0;
			};
		};
		827D94292A7420A100C0E172 /* XCRemoteSwiftPackageReference "SnapKit" */ = {
			isa = XCRemoteSwiftPackageReference;
			repositoryURL = "https://github.com/SnapKit/SnapKit.git";
			requirement = {
				kind = upToNextMajorVersion;
				minimumVersion = 5.0.0;
			};
		};
		827D94322A74427900C0E172 /* XCRemoteSwiftPackageReference "Alamofire" */ = {
			isa = XCRemoteSwiftPackageReference;
			repositoryURL = "https://github.com/Alamofire/Alamofire.git";
			requirement = {
				kind = upToNextMajorVersion;
				minimumVersion = 5.0.0;
			};
		};
/* End XCRemoteSwiftPackageReference section */

/* Begin XCSwiftPackageProductDependency section */
		82757B442A7679C100AC1B51 /* Kingfisher */ = {
			isa = XCSwiftPackageProductDependency;
			package = 82757B432A7679C100AC1B51 /* XCRemoteSwiftPackageReference "Kingfisher" */;
			productName = Kingfisher;
		};
		827D942A2A7420A100C0E172 /* SnapKit */ = {
			isa = XCSwiftPackageProductDependency;
			package = 827D94292A7420A100C0E172 /* XCRemoteSwiftPackageReference "SnapKit" */;
			productName = SnapKit;
		};
		827D94332A74427900C0E172 /* Alamofire */ = {
			isa = XCSwiftPackageProductDependency;
			package = 827D94322A74427900C0E172 /* XCRemoteSwiftPackageReference "Alamofire" */;
			productName = Alamofire;
		};
/* End XCSwiftPackageProductDependency section */
	};
	rootObject = 827D94012A741AFE00C0E172 /* Project object */;
}
